schema: '2.0'
stages:
  process_data:
    cmd: python training/src/process.py
    deps:
    - path: config/main.yaml
      md5: 429463003da86f8809a6b2d0e69aab4f
      size: 907
    - path: data/raw
      md5: 8302775812651a1b3238247f2353f2df.dir
      size: 195247
      nfiles: 1
    - path: training/src/process.py
      md5: 6d36fade2964da903cc02271aef1e17d
      size: 1483
    outs:
    - path: data/processed/
      md5: 431cea4c36b796cd8448cc63f0a075c4.dir
      size: 163081
      nfiles: 4
  train_model:
    cmd: python training/src/train_model.py
    deps:
    - path: config/main.yaml
      md5: 429463003da86f8809a6b2d0e69aab4f
      size: 907
    - path: data/processed/
      md5: 431cea4c36b796cd8448cc63f0a075c4.dir
      size: 163081
      nfiles: 4
    - path: training/src/train_model.py
      md5: 2d9d5b9890cba55042a7df115ba3760e
      size: 3389
    outs:
    - path: models/xgboost.pkl
      md5: 50660bcbf3e55c2aff292219e7627f8e
      size: 18210
  evaluate_model:
    cmd: python training/src/evaluate_model.py
    deps:
    - path: config/main.yaml
      md5: 429463003da86f8809a6b2d0e69aab4f
      size: 907
    - path: data/processed/
      md5: 431cea4c36b796cd8448cc63f0a075c4.dir
      size: 163081
      nfiles: 4
    - path: models/xgboost.pkl
      md5: 50660bcbf3e55c2aff292219e7627f8e
      size: 18210
    - path: training/src/evaluate_model.py
      md5: 8a9742eb80b987fd35a4093a3cbf7c46
      size: 2317
